// !$*UTF8*$!
{
	archiveVersion = 1;
	classes = {
	};
	objectVersion = 46;
	objects = {

/* Begin PBXBuildFile section */
		F160C1341CBCA6BC00ACAB9D /* main.m in Sources */ = {isa = PBXBuildFile; fileRef = F160C1331CBCA6BC00ACAB9D /* main.m */; };
		F160C13E1CBCA70300ACAB9D /* A.m in Sources */ = {isa = PBXBuildFile; fileRef = F160C13D1CBCA70300ACAB9D /* A.m */; };
		F160C1411CBCA72600ACAB9D /* B.m in Sources */ = {isa = PBXBuildFile; fileRef = F160C1401CBCA72600ACAB9D /* B.m */; };
		F160C1441CBCA73A00ACAB9D /* C.m in Sources */ = {isa = PBXBuildFile; fileRef = F160C1431CBCA73A00ACAB9D /* C.m */; };
		F160C1471CBCA76200ACAB9D /* D.m in Sources */ = {isa = PBXBuildFile; fileRef = F160C1461CBCA76200ACAB9D /* D.m */; };
/* End PBXBuildFile section */

/* Begin PBXCopyFilesBuildPhase section */
		F160C12E1CBCA6BC00ACAB9D /* CopyFiles */ = {
			isa = PBXCopyFilesBuildPhase;
			buildActionMask = 2147483647;
			dstPath = /usr/share/man/man1/;
			dstSubfolderSpec = 0;
			files = (
			);
			runOnlyForDeploymentPostprocessing = 1;
		};
/* End PBXCopyFilesBuildPhase section */

/* Begin PBXFileReference section */
		F160C1301CBCA6BC00ACAB9D /* InitWith */ = {isa = PBXFileReference; explicitFileType = "compiled.mach-o.executable"; includeInIndex = 0; path = InitWith; sourceTree = BUILT_PRODUCTS_DIR; };
		F160C1331CBCA6BC00ACAB9D /* main.m */ = {isa = PBXFileReference; lastKnownFileType = sourcecode.c.objc; path = main.m; sourceTree = "<group>"; };
		F160C13C1CBCA70300ACAB9D /* A.h */ = {isa = PBXFileReference; fileEncoding = 4; lastKnownFileType = sourcecode.c.h; path = A.h; sourceTree = "<group>"; };
		F160C13D1CBCA70300ACAB9D /* A.m */ = {isa = PBXFileReference; fileEncoding = 4; lastKnownFileType = sourcecode.c.objc; path = A.m; sourceTree = "<group>"; };
		F160C13F1CBCA72600ACAB9D /* B.h */ = {isa = PBXFileReference; fileEncoding = 4; lastKnownFileType = sourcecode.c.h; path = B.h; sourceTree = "<group>"; };
		F160C1401CBCA72600ACAB9D /* B.m */ = {isa = PBXFileReference; fileEncoding = 4; lastKnownFileType = sourcecode.c.objc; path = B.m; sourceTree = "<group>"; };
		F160C1421CBCA73A00ACAB9D /* C.h */ = {isa = PBXFileReference; fileEncoding = 4; lastKnownFileType = sourcecode.c.h; path = C.h; sourceTree = "<group>"; };
		F160C1431CBCA73A00ACAB9D /* C.m */ = {isa = PBXFileReference; fileEncoding = 4; lastKnownFileType = sourcecode.c.objc; path = C.m; sourceTree = "<group>"; };
		F160C1451CBCA76200ACAB9D /* D.h */ = {isa = PBXFileReference; fileEncoding = 4; lastKnownFileType = sourcecode.c.h; path = D.h; sourceTree = "<group>"; };
		F160C1461CBCA76200ACAB9D /* D.m */ = {isa = PBXFileReference; fileEncoding = 4; lastKnownFileType = sourcecode.c.objc; path = D.m; sourceTree = "<group>"; };
/* End PBXFileReference section */

/* Begin PBXFrameworksBuildPhase section */
		F160C12D1CBCA6BC00ACAB9D /* Frameworks */ = {
			isa = PBXFrameworksBuildPhase;
			buildActionMask = 2147483647;
			files = (
			);
			runOnlyForDeploymentPostprocessing = 0;
		};
/* End PBXFrameworksBuildPhase section */

/* Begin PBXGroup section */
		F160C1271CBCA6BC00ACAB9D = {
			isa = PBXGroup;
			children = (
				F160C1321CBCA6BC00ACAB9D /* InitWith */,
				F160C1311CBCA6BC00ACAB9D /* Products */,
			);
			sourceTree = "<group>";
		};
		F160C1311CBCA6BC00ACAB9D /* Products */ = {
			isa = PBXGroup;
			children = (
				F160C1301CBCA6BC00ACAB9D /* InitWith */,
			);
			name = Products;
			sourceTree = "<group>";
		};
		F160C1321CBCA6BC00ACAB9D /* InitWith */ = {
			isa = PBXGroup;
			children = (
				F160C13B1CBCA6E400ACAB9D /* 循环引用的实现 */,
				F160C13A1CBCA6C600ACAB9D /* 指定初始化用法 */,
				F160C1331CBCA6BC00ACAB9D /* main.m */,
			);
			path = InitWith;
			sourceTree = "<group>";
		};
		F160C13A1CBCA6C600ACAB9D /* 指定初始化用法 */ = {
			isa = PBXGroup;
			children = (
				F160C13C1CBCA70300ACAB9D /* A.h */,
				F160C13D1CBCA70300ACAB9D /* A.m */,
				F160C13F1CBCA72600ACAB9D /* B.h */,
				F160C1401CBCA72600ACAB9D /* B.m */,
				F160C1421CBCA73A00ACAB9D /* C.h */,
				F160C1431CBCA73A00ACAB9D /* C.m */,
			);
			name = "指定初始化用法";
			sourceTree = "<group>";
		};
		F160C13B1CBCA6E400ACAB9D /* 循环引用的实现 */ = {
			isa = PBXGroup;
			children = (
				F160C1451CBCA76200ACAB9D /* D.h */,
				F160C1461CBCA76200ACAB9D /* D.m */,
			);
			name = "循环引用的实现";
			sourceTree = "<group>";
		};
/* End PBXGroup section */

/* Begin PBXNativeTarget section */
		F160C12F1CBCA6BC00ACAB9D /* InitWith */ = {
			isa = PBXNativeTarget;
			buildConfigurationList = F160C1371CBCA6BC00ACAB9D /* Build configuration list for PBXNativeTarget "InitWith" */;
			buildPhases = (
				F160C12C1CBCA6BC00ACAB9D /* Sources */,
				F160C12D1CBCA6BC00ACAB9D /* Frameworks */,
				F160C12E1CBCA6BC00ACAB9D /* CopyFiles */,
			);
			buildRules = (
			);
			dependencies = (
			);
			name = InitWith;
			productName = InitWith;
			productReference = F160C1301CBCA6BC00ACAB9D /* InitWith */;
			productType = "com.apple.product-type.tool";
		};
/* End PBXNativeTarget section */

/* Begin PBXProject section */
		F160C1281CBCA6BC00ACAB9D /* Project object */ = {
			isa = PBXProject;
			attributes = {
				LastUpgradeCheck = 0730;
				ORGANIZATIONNAME = LYD;
				TargetAttributes = {
					F160C12F1CBCA6BC00ACAB9D = {
						CreatedOnToolsVersion = 7.3;
					};
				};
			};
			buildConfigurationList = F160C12B1CBCA6BC00ACAB9D /* Build configuration list for PBXProject "InitWith" */;
			compatibilityVersion = "Xcode 3.2";
			developmentRegion = English;
			hasScannedForEncodings = 0;
			knownRegions = (
				en,
			);
			mainGroup = F160C1271CBCA6BC00ACAB9D;
			productRefGroup = F160C1311CBCA6BC00ACAB9D /* Products */;
			projectDirPath = "";
			projectRoot = "";
			targets = (
				F160C12F1CBCA6BC00ACAB9D /* InitWith */,
			);
		};
/* End PBXProject section */

/* Begin PBXSourcesBuildPhase section */
		F160C12C1CBCA6BC00ACAB9D /* Sources */ = {
			isa = PBXSourcesBuildPhase;
			buildActionMask = 2147483647;
			files = (
				F160C1411CBCA72600ACAB9D /* B.m in Sources */,
				F160C1441CBCA73A00ACAB9D /* C.m in Sources */,
				F160C1341CBCA6BC00ACAB9D /* main.m in Sources */,
				F160C1471CBCA76200ACAB9D /* D.m in Sources */,
				F160C13E1CBCA70300ACAB9D /* A.m in Sources */,
			);
			runOnlyForDeploymentPostprocessing = 0;
		};
/* End PBXSourcesBuildPhase section */

/* Begin XCBuildConfiguration section */
		F160C1351CBCA6BC00ACAB9D /* Debug */ = {
			isa = XCBuildConfiguration;
			buildSettings = {
				ALWAYS_SEARCH_USER_PATHS = NO;
				CLANG_ANALYZER_NONNULL = YES;
				CLANG_CXX_LANGUAGE_STANDARD = "gnu++0x";
				CLANG_CXX_LIBRARY = "libc++";
				CLANG_ENABLE_MODULES = YES;
				CLANG_ENABLE_OBJC_ARC = YES;
				CLANG_WARN_BOOL_CONVERSION = YES;
				CLANG_WARN_CONSTANT_CONVERSION = YES;
				CLANG_WARN_DIRECT_OBJC_ISA_USAGE = YES_ERROR;
				CLANG_WARN_EMPTY_BODY = YES;
				CLANG_WARN_ENUM_CONVERSION = YES;
				CLANG_WARN_INT_CONVERSION = YES;
				CLANG_WARN_OBJC_ROOT_CLASS = YES_ERROR;
				CLANG_WARN_UNREACHABLE_CODE = YES;
				CLANG_WARN__DUPLICATE_METHOD_MATCH = YES;
				CODE_SIGN_IDENTITY = "-";
				COPY_PHASE_STRIP = NO;
				DEBUG_INFORMATION_FORMAT = dwarf;
				ENABLE_STRICT_OBJC_MSGSEND = YES;
				ENABLE_TESTABILITY = YES;
				GCC_C_LANGUAGE_STANDARD = gnu99;
				GCC_DYNAMIC_NO_PIC = NO;
				GCC_NO_COMMON_BLOCKS = YES;
				GCC_OPTIMIZATION_LEVEL = 0;
				GCC_PREPROCESSOR_DEFINITIONS = (
					"DEBUG=1",
					"$(inherited)",
				);
				GCC_WARN_64_TO_32_BIT_CONVERSION = YES;
				GCC_WARN_ABOUT_RETURN_TYPE = YES_ERROR;
				GCC_WARN_UNDECLARED_SELECTOR = YES;
				GCC_WARN_UNINITIALIZED_AUTOS = YES_AGGRESSIVE;
				GCC_WARN_UNUSED_FUNCTION = YES;
				GCC_WARN_UNUSED_VARIABLE = YES;
				MACOSX_DEPLOYMENT_TARGET = 10.11;
				MTL_ENABLE_DEBUG_INFO = YES;
				ONLY_ACTIVE_ARCH = YES;
				SDKROOT = macosx;
			};
			name = Debug;
		};
		F160C1361CBCA6BC00ACAB9D /* Release */ = {
			isa = XCBuildConfiguration;
			buildSettings = {
				ALWAYS_SEARCH_USER_PATHS = NO;
				CLANG_ANALYZER_NONNULL = YES;
				CLANG_CXX_LANGUAGE_STANDARD = "gnu++0x";
				CLANG_CXX_LIBRARY = "libc++";
				CLANG_ENABLE_MODULES = YES;
				CLANG_ENABLE_OBJC_ARC = YES;
				CLANG_WARN_BOOL_CONVERSION = YES;
				CLANG_WARN_CONSTANT_CONVERSION = YES;
				CLANG_WARN_DIRECT_OBJC_ISA_USAGE = YES_ERROR;
				CLANG_WARN_EMPTY_BODY = YES;
				CLANG_WARN_ENUM_CONVERSION = YES;
				CLANG_WARN_INT_CONVERSION = YES;
				CLANG_WARN_OBJC_ROOT_CLASS = YES_ERROR;
				CLANG_WARN_UNREACHABLE_CODE = YES;
				CLANG_WARN__DUPLICATE_METHOD_MATCH = YES;
				CODE_SIGN_IDENTITY = "-";
				COPY_PHASE_STRIP = NO;
				DEBUG_INFORMATION_FORMAT = "dwarf-with-dsym";
				ENABLE_NS_ASSERTIONS = NO;
				ENABLE_STRICT_OBJC_MSGSEND = YES;
				GCC_C_LANGUAGE_STANDARD = gnu99;
				GCC_NO_COMMON_BLOCKS = YES;
				GCC_WARN_64_TO_32_BIT_CONVERSION = YES;
				GCC_WARN_ABOUT_RETURN_TYPE = YES_ERROR;
				GCC_WARN_UNDECLARED_SELECTOR = YES;
				GCC_WARN_UNINITIALIZED_AUTOS = YES_AGGRESSIVE;
				GCC_WARN_UNUSED_FUNCTION = YES;
				GCC_WARN_UNUSED_VARIABLE = YES;
				MACOSX_DEPLOYMENT_TARGET = 10.11;
				MTL_ENABLE_DEBUG_INFO = NO;
				SDKROOT = macosx;
			};
			name = Release;
		};
		F160C1381CBCA6BC00ACAB9D /* Debug */ = {
			isa = XCBuildConfiguration;
			buildSettings = {
				PRODUCT_NAME = "$(TARGET_NAME)";
			};
			name = Debug;
		};
		F160C1391CBCA6BC00ACAB9D /* Release */ = {
			isa = XCBuildConfiguration;
			buildSettings = {
				PRODUCT_NAME = "$(TARGET_NAME)";
			};
			name = Release;
		};
/* End XCBuildConfiguration section */

/* Begin XCConfigurationList section */
		F160C12B1CBCA6BC00ACAB9D /* Build configuration list for PBXProject "InitWith" */ = {
			isa = XCConfigurationList;
			buildConfigurations = (
				F160C1351CBCA6BC00ACAB9D /* Debug */,
				F160C1361CBCA6BC00ACAB9D /* Release */,
			);
			defaultConfigurationIsVisible = 0;
			defaultConfigurationName = Release;
		};
		F160C1371CBCA6BC00ACAB9D /* Build configuration list for PBXNativeTarget "InitWith" */ = {
			isa = XCConfigurationList;
			buildConfigurations = (
				F160C1381CBCA6BC00ACAB9D /* Debug */,
				F160C1391CBCA6BC00ACAB9D /* Release */,
			);
			defaultConfigurationIsVisible = 0;
		};
/* End XCConfigurationList section */
	};
	rootObject = F160C1281CBCA6BC00ACAB9D /* Project object */;
}
